// !$*UTF8*$!
{
	archiveVersion = 1;
	classes = {
	};
	objectVersion = 51;
	objects = {

/* Begin PBXBuildFile section */
		4D746335E385C13C495FF8DB /* Pods_NativeReactAppUITests.framework in Frameworks */ = {isa = PBXBuildFile; fileRef = 1B6643A468B0DA3FA4F17E01 /* Pods_NativeReactAppUITests.framework */; };
		8548E039CD3367F54456CC20 /* Pods_NativeReactApp.framework in Frameworks */ = {isa = PBXBuildFile; fileRef = 1F20C7B103ACDB1729AD9F9B /* Pods_NativeReactApp.framework */; };
		A7C2BA23002C568212B1122C /* Pods_NativeReactAppTests.framework in Frameworks */ = {isa = PBXBuildFile; fileRef = 6A9973550182B3C8E36DF4D3 /* Pods_NativeReactAppTests.framework */; };
		BA23552E237C0144009E27C5 /* AppDelegate.m in Sources */ = {isa = PBXBuildFile; fileRef = BA23552D237C0144009E27C5 /* AppDelegate.m */; };
		BA235531237C0144009E27C5 /* ViewController.m in Sources */ = {isa = PBXBuildFile; fileRef = BA235530237C0144009E27C5 /* ViewController.m */; };
		BA235534237C0144009E27C5 /* Main.storyboard in Resources */ = {isa = PBXBuildFile; fileRef = BA235532237C0144009E27C5 /* Main.storyboard */; };
		BA235536237C0145009E27C5 /* Assets.xcassets in Resources */ = {isa = PBXBuildFile; fileRef = BA235535237C0145009E27C5 /* Assets.xcassets */; };
		BA235539237C0145009E27C5 /* LaunchScreen.storyboard in Resources */ = {isa = PBXBuildFile; fileRef = BA235537237C0145009E27C5 /* LaunchScreen.storyboard */; };
		BA23553C237C0145009E27C5 /* main.m in Sources */ = {isa = PBXBuildFile; fileRef = BA23553B237C0145009E27C5 /* main.m */; };
		BA235560237C0368009E27C5 /* RNViewController.m in Sources */ = {isa = PBXBuildFile; fileRef = BA23555F237C0368009E27C5 /* RNViewController.m */; };
/* End PBXBuildFile section */

/* Begin PBXContainerItemProxy section */
		BA235542237C0145009E27C5 /* PBXContainerItemProxy */ = {
			isa = PBXContainerItemProxy;
			containerPortal = BA235521237C0143009E27C5 /* Project object */;
			proxyType = 1;
			remoteGlobalIDString = BA235528237C0143009E27C5;
			remoteInfo = NativeReactApp;
		};
		BA23554D237C0145009E27C5 /* PBXContainerItemProxy */ = {
			isa = PBXContainerItemProxy;
			containerPortal = BA235521237C0143009E27C5 /* Project object */;
			proxyType = 1;
			remoteGlobalIDString = BA235528237C0143009E27C5;
			remoteInfo = NativeReactApp;
		};
/* End PBXContainerItemProxy section */

/* Begin PBXFileReference section */
		1B6643A468B0DA3FA4F17E01 /* Pods_NativeReactAppUITests.framework */ = {isa = PBXFileReference; explicitFileType = wrapper.framework; includeInIndex = 0; path = Pods_NativeReactAppUITests.framework; sourceTree = BUILT_PRODUCTS_DIR; };
		1F20C7B103ACDB1729AD9F9B /* Pods_NativeReactApp.framework */ = {isa = PBXFileReference; explicitFileType = wrapper.framework; includeInIndex = 0; path = Pods_NativeReactApp.framework; sourceTree = BUILT_PRODUCTS_DIR; };
		2B91049E6B3F054673B3800D /* Pods-NativeReactApp.debug.xcconfig */ = {isa = PBXFileReference; includeInIndex = 1; lastKnownFileType = text.xcconfig; name = "Pods-NativeReactApp.debug.xcconfig"; path = "Target Support Files/Pods-NativeReactApp/Pods-NativeReactApp.debug.xcconfig"; sourceTree = "<group>"; };
		3768B8FC68F9C97BF18231F3 /* Pods-NativeReactAppTests.release.xcconfig */ = {isa = PBXFileReference; includeInIndex = 1; lastKnownFileType = text.xcconfig; name = "Pods-NativeReactAppTests.release.xcconfig"; path = "Target Support Files/Pods-NativeReactAppTests/Pods-NativeReactAppTests.release.xcconfig"; sourceTree = "<group>"; };
		37B0E22A306CAC1A930E6D3E /* Pods-NativeReactAppUITests.debug.xcconfig */ = {isa = PBXFileReference; includeInIndex = 1; lastKnownFileType = text.xcconfig; name = "Pods-NativeReactAppUITests.debug.xcconfig"; path = "Target Support Files/Pods-NativeReactAppUITests/Pods-NativeReactAppUITests.debug.xcconfig"; sourceTree = "<group>"; };
		5B5629555785F001AF3A7D12 /* Pods-NativeReactAppUITests.release.xcconfig */ = {isa = PBXFileReference; includeInIndex = 1; lastKnownFileType = text.xcconfig; name = "Pods-NativeReactAppUITests.release.xcconfig"; path = "Target Support Files/Pods-NativeReactAppUITests/Pods-NativeReactAppUITests.release.xcconfig"; sourceTree = "<group>"; };
		6A9973550182B3C8E36DF4D3 /* Pods_NativeReactAppTests.framework */ = {isa = PBXFileReference; explicitFileType = wrapper.framework; includeInIndex = 0; path = Pods_NativeReactAppTests.framework; sourceTree = BUILT_PRODUCTS_DIR; };
		BA235529237C0143009E27C5 /* NativeReactApp.app */ = {isa = PBXFileReference; explicitFileType = wrapper.application; includeInIndex = 0; path = NativeReactApp.app; sourceTree = BUILT_PRODUCTS_DIR; };
		BA23552C237C0144009E27C5 /* AppDelegate.h */ = {isa = PBXFileReference; lastKnownFileType = sourcecode.c.h; path = AppDelegate.h; sourceTree = "<group>"; };
		BA23552D237C0144009E27C5 /* AppDelegate.m */ = {isa = PBXFileReference; lastKnownFileType = sourcecode.c.objc; path = AppDelegate.m; sourceTree = "<group>"; };
		BA23552F237C0144009E27C5 /* ViewController.h */ = {isa = PBXFileReference; lastKnownFileType = sourcecode.c.h; path = ViewController.h; sourceTree = "<group>"; };
		BA235530237C0144009E27C5 /* ViewController.m */ = {isa = PBXFileReference; lastKnownFileType = sourcecode.c.objc; path = ViewController.m; sourceTree = "<group>"; };
		BA235533237C0144009E27C5 /* Base */ = {isa = PBXFileReference; lastKnownFileType = file.storyboard; name = Base; path = Base.lproj/Main.storyboard; sourceTree = "<group>"; };
		BA235535237C0145009E27C5 /* Assets.xcassets */ = {isa = PBXFileReference; lastKnownFileType = folder.assetcatalog; path = Assets.xcassets; sourceTree = "<group>"; };
		BA235538237C0145009E27C5 /* Base */ = {isa = PBXFileReference; lastKnownFileType = file.storyboard; name = Base; path = Base.lproj/LaunchScreen.storyboard; sourceTree = "<group>"; };
		BA23553A237C0145009E27C5 /* Info.plist */ = {isa = PBXFileReference; lastKnownFileType = text.plist.xml; path = Info.plist; sourceTree = "<group>"; };
		BA23553B237C0145009E27C5 /* main.m */ = {isa = PBXFileReference; lastKnownFileType = sourcecode.c.objc; path = main.m; sourceTree = "<group>"; };
		BA235541237C0145009E27C5 /* NativeReactAppTests.xctest */ = {isa = PBXFileReference; explicitFileType = wrapper.cfbundle; includeInIndex = 0; path = NativeReactAppTests.xctest; sourceTree = BUILT_PRODUCTS_DIR; };
		BA23554C237C0145009E27C5 /* NativeReactAppUITests.xctest */ = {isa = PBXFileReference; explicitFileType = wrapper.cfbundle; includeInIndex = 0; path = NativeReactAppUITests.xctest; sourceTree = BUILT_PRODUCTS_DIR; };
		BA23555E237C0368009E27C5 /* RNViewController.h */ = {isa = PBXFileReference; lastKnownFileType = sourcecode.c.h; path = RNViewController.h; sourceTree = "<group>"; };
		BA23555F237C0368009E27C5 /* RNViewController.m */ = {isa = PBXFileReference; lastKnownFileType = sourcecode.c.objc; path = RNViewController.m; sourceTree = "<group>"; };
		DC2C0616CCA5EA5977A4DDE0 /* Pods-NativeReactApp.release.xcconfig */ = {isa = PBXFileReference; includeInIndex = 1; lastKnownFileType = text.xcconfig; name = "Pods-NativeReactApp.release.xcconfig"; path = "Target Support Files/Pods-NativeReactApp/Pods-NativeReactApp.release.xcconfig"; sourceTree = "<group>"; };
		F6ECB125F7078E720524E86A /* Pods-NativeReactAppTests.debug.xcconfig */ = {isa = PBXFileReference; includeInIndex = 1; lastKnownFileType = text.xcconfig; name = "Pods-NativeReactAppTests.debug.xcconfig"; path = "Target Support Files/Pods-NativeReactAppTests/Pods-NativeReactAppTests.debug.xcconfig"; sourceTree = "<group>"; };
/* End PBXFileReference section */

/* Begin PBXFrameworksBuildPhase section */
		BA235526237C0143009E27C5 /* Frameworks */ = {
			isa = PBXFrameworksBuildPhase;
			buildActionMask = 2147483647;
			files = (
				8548E039CD3367F54456CC20 /* Pods_NativeReactApp.framework in Frameworks */,
			);
			runOnlyForDeploymentPostprocessing = 0;
		};
		BA23553E237C0145009E27C5 /* Frameworks */ = {
			isa = PBXFrameworksBuildPhase;
			buildActionMask = 2147483647;
			files = (
				A7C2BA23002C568212B1122C /* Pods_NativeReactAppTests.framework in Frameworks */,
			);
			runOnlyForDeploymentPostprocessing = 0;
		};
		BA235549237C0145009E27C5 /* Frameworks */ = {
			isa = PBXFrameworksBuildPhase;
			buildActionMask = 2147483647;
			files = (
				4D746335E385C13C495FF8DB /* Pods_NativeReactAppUITests.framework in Frameworks */,
			);
			runOnlyForDeploymentPostprocessing = 0;
		};
/* End PBXFrameworksBuildPhase section */

/* Begin PBXGroup section */
		12CCDC8A3EADDD2D89389BEF /* Pods */ = {
			isa = PBXGroup;
			children = (
				2B91049E6B3F054673B3800D /* Pods-NativeReactApp.debug.xcconfig */,
				DC2C0616CCA5EA5977A4DDE0 /* Pods-NativeReactApp.release.xcconfig */,
				F6ECB125F7078E720524E86A /* Pods-NativeReactAppTests.debug.xcconfig */,
				3768B8FC68F9C97BF18231F3 /* Pods-NativeReactAppTests.release.xcconfig */,
				37B0E22A306CAC1A930E6D3E /* Pods-NativeReactAppUITests.debug.xcconfig */,
				5B5629555785F001AF3A7D12 /* Pods-NativeReactAppUITests.release.xcconfig */,
			);
			path = Pods;
			sourceTree = "<group>";
		};
		34BD5FD7F7D34C132B429E43 /* Frameworks */ = {
			isa = PBXGroup;
			children = (
				1F20C7B103ACDB1729AD9F9B /* Pods_NativeReactApp.framework */,
				6A9973550182B3C8E36DF4D3 /* Pods_NativeReactAppTests.framework */,
				1B6643A468B0DA3FA4F17E01 /* Pods_NativeReactAppUITests.framework */,
			);
			name = Frameworks;
			sourceTree = "<group>";
		};
		BA235520237C0143009E27C5 = {
			isa = PBXGroup;
			children = (
				BA23552B237C0143009E27C5 /* NativeReactApp */,
				BA23552A237C0143009E27C5 /* Products */,
				12CCDC8A3EADDD2D89389BEF /* Pods */,
				34BD5FD7F7D34C132B429E43 /* Frameworks */,
			);
			sourceTree = "<group>";
		};
		BA23552A237C0143009E27C5 /* Products */ = {
			isa = PBXGroup;
			children = (
				BA235529237C0143009E27C5 /* NativeReactApp.app */,
				BA235541237C0145009E27C5 /* NativeReactAppTests.xctest */,
				BA23554C237C0145009E27C5 /* NativeReactAppUITests.xctest */,
			);
			name = Products;
			sourceTree = "<group>";
		};
		BA23552B237C0143009E27C5 /* NativeReactApp */ = {
			isa = PBXGroup;
			children = (
				BA23552C237C0144009E27C5 /* AppDelegate.h */,
				BA23552D237C0144009E27C5 /* AppDelegate.m */,
				BA23552F237C0144009E27C5 /* ViewController.h */,
				BA235530237C0144009E27C5 /* ViewController.m */,
				BA23555E237C0368009E27C5 /* RNViewController.h */,
				BA23555F237C0368009E27C5 /* RNViewController.m */,
				BA235532237C0144009E27C5 /* Main.storyboard */,
				BA235535237C0145009E27C5 /* Assets.xcassets */,
				BA235537237C0145009E27C5 /* LaunchScreen.storyboard */,
				BA23553A237C0145009E27C5 /* Info.plist */,
				BA23553B237C0145009E27C5 /* main.m */,
			);
			path = NativeReactApp;
			sourceTree = "<group>";
		};
/* End PBXGroup section */

/* Begin PBXNativeTarget section */
		BA235528237C0143009E27C5 /* NativeReactApp */ = {
			isa = PBXNativeTarget;
			buildConfigurationList = BA235555237C0145009E27C5 /* Build configuration list for PBXNativeTarget "NativeReactApp" */;
			buildPhases = (
				E381F4541C0C390EEAFDDBC3 /* [CP] Check Pods Manifest.lock */,
				BA235525237C0143009E27C5 /* Sources */,
				BA235526237C0143009E27C5 /* Frameworks */,
				BA235527237C0143009E27C5 /* Resources */,
				F6B891F9995CBDC3D52886B2 /* [CP] Embed Pods Frameworks */,
			);
			buildRules = (
			);
			dependencies = (
			);
			name = NativeReactApp;
			productName = NativeReactApp;
			productReference = BA235529237C0143009E27C5 /* NativeReactApp.app */;
			productType = "com.apple.product-type.application";
		};
		BA235540237C0145009E27C5 /* NativeReactAppTests */ = {
			isa = PBXNativeTarget;
			buildConfigurationList = BA235558237C0145009E27C5 /* Build configuration list for PBXNativeTarget "NativeReactAppTests" */;
			buildPhases = (
				33F7B806E01906EBCEFE3397 /* [CP] Check Pods Manifest.lock */,
				BA23553D237C0145009E27C5 /* Sources */,
				BA23553E237C0145009E27C5 /* Frameworks */,
				BA23553F237C0145009E27C5 /* Resources */,
			);
			buildRules = (
			);
			dependencies = (
				BA235543237C0145009E27C5 /* PBXTargetDependency */,
			);
			name = NativeReactAppTests;
			productName = NativeReactAppTests;
			productReference = BA235541237C0145009E27C5 /* NativeReactAppTests.xctest */;
			productType = "com.apple.product-type.bundle.unit-test";
		};
		BA23554B237C0145009E27C5 /* NativeReactAppUITests */ = {
			isa = PBXNativeTarget;
			buildConfigurationList = BA23555B237C0145009E27C5 /* Build configuration list for PBXNativeTarget "NativeReactAppUITests" */;
			buildPhases = (
				D4453BF64CA611A5DEF40360 /* [CP] Check Pods Manifest.lock */,
				BA235548237C0145009E27C5 /* Sources */,
				BA235549237C0145009E27C5 /* Frameworks */,
				BA23554A237C0145009E27C5 /* Resources */,
			);
			buildRules = (
			);
			dependencies = (
				BA23554E237C0145009E27C5 /* PBXTargetDependency */,
			);
			name = NativeReactAppUITests;
			productName = NativeReactAppUITests;
			productReference = BA23554C237C0145009E27C5 /* NativeReactAppUITests.xctest */;
			productType = "com.apple.product-type.bundle.ui-testing";
		};
/* End PBXNativeTarget section */

/* Begin PBXProject section */
		BA235521237C0143009E27C5 /* Project object */ = {
			isa = PBXProject;
			attributes = {
				LastUpgradeCheck = 1030;
				ORGANIZATIONNAME = "王铎";
				TargetAttributes = {
					BA235528237C0143009E27C5 = {
						CreatedOnToolsVersion = 10.3;
					};
					BA235540237C0145009E27C5 = {
						CreatedOnToolsVersion = 10.3;
						TestTargetID = BA235528237C0143009E27C5;
					};
					BA23554B237C0145009E27C5 = {
						CreatedOnToolsVersion = 10.3;
						TestTargetID = BA235528237C0143009E27C5;
					};
				};
			};
			buildConfigurationList = BA235524237C0143009E27C5 /* Build configuration list for PBXProject "NativeReactApp" */;
			compatibilityVersion = "Xcode 9.3";
			developmentRegion = en;
			hasScannedForEncodings = 0;
			knownRegions = (
				en,
				Base,
			);
			mainGroup = BA235520237C0143009E27C5;
			productRefGroup = BA23552A237C0143009E27C5 /* Products */;
			projectDirPath = "";
			projectRoot = "";
			targets = (
				BA235528237C0143009E27C5 /* NativeReactApp */,
				BA235540237C0145009E27C5 /* NativeReactAppTests */,
				BA23554B237C0145009E27C5 /* NativeReactAppUITests */,
			);
		};
/* End PBXProject section */

/* Begin PBXResourcesBuildPhase section */
		BA235527237C0143009E27C5 /* Resources */ = {
			isa = PBXResourcesBuildPhase;
			buildActionMask = 2147483647;
			files = (
				BA235539237C0145009E27C5 /* LaunchScreen.storyboard in Resources */,
				BA235536237C0145009E27C5 /* Assets.xcassets in Resources */,
				BA235534237C0144009E27C5 /* Main.storyboard in Resources */,
			);
			runOnlyForDeploymentPostprocessing = 0;
		};
		BA23553F237C0145009E27C5 /* Resources */ = {
			isa = PBXResourcesBuildPhase;
			buildActionMask = 2147483647;
			files = (
			);
			runOnlyForDeploymentPostprocessing = 0;
		};
		BA23554A237C0145009E27C5 /* Resources */ = {
			isa = PBXResourcesBuildPhase;
			buildActionMask = 2147483647;
			files = (
			);
			runOnlyForDeploymentPostprocessing = 0;
		};
/* End PBXResourcesBuildPhase section */

/* Begin PBXShellScriptBuildPhase section */
		33F7B806E01906EBCEFE3397 /* [CP] Check Pods Manifest.lock */ = {
			isa = PBXShellScriptBuildPhase;
			buildActionMask = 2147483647;
			files = (
			);
			inputFileListPaths = (
			);
			inputPaths = (
				"${PODS_PODFILE_DIR_PATH}/Podfile.lock",
				"${PODS_ROOT}/Manifest.lock",
			);
			name = "[CP] Check Pods Manifest.lock";
			outputFileListPaths = (
			);
			outputPaths = (
				"$(DERIVED_FILE_DIR)/Pods-NativeReactAppTests-checkManifestLockResult.txt",
			);
			runOnlyForDeploymentPostprocessing = 0;
			shellPath = /bin/sh;
			shellScript = "diff \"${PODS_PODFILE_DIR_PATH}/Podfile.lock\" \"${PODS_ROOT}/Manifest.lock\" > /dev/null\nif [ $? != 0 ] ; then\n    # print error to STDERR\n    echo \"error: The sandbox is not in sync with the Podfile.lock. Run 'pod install' or update your CocoaPods installation.\" >&2\n    exit 1\nfi\n# This output is used by Xcode 'outputs' to avoid re-running this script phase.\necho \"SUCCESS\" > \"${SCRIPT_OUTPUT_FILE_0}\"\n";
			showEnvVarsInLog = 0;
		};
		D4453BF64CA611A5DEF40360 /* [CP] Check Pods Manifest.lock */ = {
			isa = PBXShellScriptBuildPhase;
			buildActionMask = 2147483647;
			files = (
			);
			inputFileListPaths = (
			);
			inputPaths = (
				"${PODS_PODFILE_DIR_PATH}/Podfile.lock",
				"${PODS_ROOT}/Manifest.lock",
			);
			name = "[CP] Check Pods Manifest.lock";
			outputFileListPaths = (
			);
			outputPaths = (
				"$(DERIVED_FILE_DIR)/Pods-NativeReactAppUITests-checkManifestLockResult.txt",
			);
			runOnlyForDeploymentPostprocessing = 0;
			shellPath = /bin/sh;
			shellScript = "diff \"${PODS_PODFILE_DIR_PATH}/Podfile.lock\" \"${PODS_ROOT}/Manifest.lock\" > /dev/null\nif [ $? != 0 ] ; then\n    # print error to STDERR\n    echo \"error: The sandbox is not in sync with the Podfile.lock. Run 'pod install' or update your CocoaPods installation.\" >&2\n    exit 1\nfi\n# This output is used by Xcode 'outputs' to avoid re-running this script phase.\necho \"SUCCESS\" > \"${SCRIPT_OUTPUT_FILE_0}\"\n";
			showEnvVarsInLog = 0;
		};
		E381F4541C0C390EEAFDDBC3 /* [CP] Check Pods Manifest.lock */ = {
			isa = PBXShellScriptBuildPhase;
			buildActionMask = 2147483647;
			files = (
			);
			inputFileListPaths = (
			);
			inputPaths = (
				"${PODS_PODFILE_DIR_PATH}/Podfile.lock",
				"${PODS_ROOT}/Manifest.lock",
			);
			name = "[CP] Check Pods Manifest.lock";
			outputFileListPaths = (
			);
			outputPaths = (
				"$(DERIVED_FILE_DIR)/Pods-NativeReactApp-checkManifestLockResult.txt",
			);
			runOnlyForDeploymentPostprocessing = 0;
			shellPath = /bin/sh;
			shellScript = "diff \"${PODS_PODFILE_DIR_PATH}/Podfile.lock\" \"${PODS_ROOT}/Manifest.lock\" > /dev/null\nif [ $? != 0 ] ; then\n    # print error to STDERR\n    echo \"error: The sandbox is not in sync with the Podfile.lock. Run 'pod install' or update your CocoaPods installation.\" >&2\n    exit 1\nfi\n# This output is used by Xcode 'outputs' to avoid re-running this script phase.\necho \"SUCCESS\" > \"${SCRIPT_OUTPUT_FILE_0}\"\n";
			showEnvVarsInLog = 0;
		};
		F6B891F9995CBDC3D52886B2 /* [CP] Embed Pods Frameworks */ = {
			isa = PBXShellScriptBuildPhase;
			buildActionMask = 2147483647;
			files = (
			);
			inputFileListPaths = (
				"${PODS_ROOT}/Target Support Files/Pods-NativeReactApp/Pods-NativeReactApp-frameworks-${CONFIGURATION}-input-files.xcfilelist",
			);
			name = "[CP] Embed Pods Frameworks";
			outputFileListPaths = (
				"${PODS_ROOT}/Target Support Files/Pods-NativeReactApp/Pods-NativeReactApp-frameworks-${CONFIGURATION}-output-files.xcfilelist",
			);
			runOnlyForDeploymentPostprocessing = 0;
			shellPath = /bin/sh;
			shellScript = "\"${PODS_ROOT}/Target Support Files/Pods-NativeReactApp/Pods-NativeReactApp-frameworks.sh\"\n";
			showEnvVarsInLog = 0;
		};
/* End PBXShellScriptBuildPhase section */

/* Begin PBXSourcesBuildPhase section */
		BA235525237C0143009E27C5 /* Sources */ = {
			isa = PBXSourcesBuildPhase;
			buildActionMask = 2147483647;
			files = (
				BA235560237C0368009E27C5 /* RNViewController.m in Sources */,
				BA235531237C0144009E27C5 /* ViewController.m in Sources */,
				BA23553C237C0145009E27C5 /* main.m in Sources */,
				BA23552E237C0144009E27C5 /* AppDelegate.m in Sources */,
			);
			runOnlyForDeploymentPostprocessing = 0;
		};
		BA23553D237C0145009E27C5 /* Sources */ = {
			isa = PBXSourcesBuildPhase;
			buildActionMask = 2147483647;
			files = (
			);
			runOnlyForDeploymentPostprocessing = 0;
		};
		BA235548237C0145009E27C5 /* Sources */ = {
			isa = PBXSourcesBuildPhase;
			buildActionMask = 2147483647;
			files = (
			);
			runOnlyForDeploymentPostprocessing = 0;
		};
/* End PBXSourcesBuildPhase section */

/* Begin PBXTargetDependency section */
		BA235543237C0145009E27C5 /* PBXTargetDependency */ = {
			isa = PBXTargetDependency;
			target = BA235528237C0143009E27C5 /* NativeReactApp */;
			targetProxy = BA235542237C0145009E27C5 /* PBXContainerItemProxy */;
		};
		BA23554E237C0145009E27C5 /* PBXTargetDependency */ = {
			isa = PBXTargetDependency;
			target = BA235528237C0143009E27C5 /* NativeReactApp */;
			targetProxy = BA23554D237C0145009E27C5 /* PBXContainerItemProxy */;
		};
/* End PBXTargetDependency section */

/* Begin PBXVariantGroup section */
		BA235532237C0144009E27C5 /* Main.storyboard */ = {
			isa = PBXVariantGroup;
			children = (
				BA235533237C0144009E27C5 /* Base */,
			);
			name = Main.storyboard;
			sourceTree = "<group>";
		};
		BA235537237C0145009E27C5 /* LaunchScreen.storyboard */ = {
			isa = PBXVariantGroup;
			children = (
				BA235538237C0145009E27C5 /* Base */,
			);
			name = LaunchScreen.storyboard;
			sourceTree = "<group>";
		};
/* End PBXVariantGroup section */

/* Begin XCBuildConfiguration section */
		BA235553237C0145009E27C5 /* Debug */ = {
			isa = XCBuildConfiguration;
			buildSettings = {
				ALWAYS_SEARCH_USER_PATHS = NO;
				CLANG_ANALYZER_NONNULL = YES;
				CLANG_ANALYZER_NUMBER_OBJECT_CONVERSION = YES_AGGRESSIVE;
				CLANG_CXX_LANGUAGE_STANDARD = "gnu++14";
				CLANG_CXX_LIBRARY = "libc++";
				CLANG_ENABLE_MODULES = YES;
				CLANG_ENABLE_OBJC_ARC = YES;
				CLANG_ENABLE_OBJC_WEAK = YES;
				CLANG_WARN_BLOCK_CAPTURE_AUTORELEASING = YES;
				CLANG_WARN_BOOL_CONVERSION = YES;
				CLANG_WARN_COMMA = YES;
				CLANG_WARN_CONSTANT_CONVERSION = YES;
				CLANG_WARN_DEPRECATED_OBJC_IMPLEMENTATIONS = YES;
				CLANG_WARN_DIRECT_OBJC_ISA_USAGE = YES_ERROR;
				CLANG_WARN_DOCUMENTATION_COMMENTS = YES;
				CLANG_WARN_EMPTY_BODY = YES;
				CLANG_WARN_ENUM_CONVERSION = YES;
				CLANG_WARN_INFINITE_RECURSION = YES;
				CLANG_WARN_INT_CONVERSION = YES;
				CLANG_WARN_NON_LITERAL_NULL_CONVERSION = YES;
				CLANG_WARN_OBJC_IMPLICIT_RETAIN_SELF = YES;
				CLANG_WARN_OBJC_LITERAL_CONVERSION = YES;
				CLANG_WARN_OBJC_ROOT_CLASS = YES_ERROR;
				CLANG_WARN_RANGE_LOOP_ANALYSIS = YES;
				CLANG_WARN_STRICT_PROTOTYPES = YES;
				CLANG_WARN_SUSPICIOUS_MOVE = YES;
				CLANG_WARN_UNGUARDED_AVAILABILITY = YES_AGGRESSIVE;
				CLANG_WARN_UNREACHABLE_CODE = YES;
				CLANG_WARN__DUPLICATE_METHOD_MATCH = YES;
				CODE_SIGN_IDENTITY = "iPhone Developer";
				COPY_PHASE_STRIP = NO;
				DEBUG_INFORMATION_FORMAT = dwarf;
				ENABLE_STRICT_OBJC_MSGSEND = YES;
				ENABLE_TESTABILITY = YES;
				GCC_C_LANGUAGE_STANDARD = gnu11;
				GCC_DYNAMIC_NO_PIC = NO;
				GCC_NO_COMMON_BLOCKS = YES;
				GCC_OPTIMIZATION_LEVEL = 0;
				GCC_PREPROCESSOR_DEFINITIONS = (
					"DEBUG=1",
					"$(inherited)",
				);
				GCC_WARN_64_TO_32_BIT_CONVERSION = YES;
				GCC_WARN_ABOUT_RETURN_TYPE = YES_ERROR;
				GCC_WARN_UNDECLARED_SELECTOR = YES;
				GCC_WARN_UNINITIALIZED_AUTOS = YES_AGGRESSIVE;
				GCC_WARN_UNUSED_FUNCTION = YES;
				GCC_WARN_UNUSED_VARIABLE = YES;
				IPHONEOS_DEPLOYMENT_TARGET = 12.4;
				MTL_ENABLE_DEBUG_INFO = INCLUDE_SOURCE;
				MTL_FAST_MATH = YES;
				ONLY_ACTIVE_ARCH = YES;
				SDKROOT = iphoneos;
			};
			name = Debug;
		};
		BA235554237C0145009E27C5 /* Release */ = {
			isa = XCBuildConfiguration;
			buildSettings = {
				ALWAYS_SEARCH_USER_PATHS = NO;
				CLANG_ANALYZER_NONNULL = YES;
				CLANG_ANALYZER_NUMBER_OBJECT_CONVERSION = YES_AGGRESSIVE;
				CLANG_CXX_LANGUAGE_STANDARD = "gnu++14";
				CLANG_CXX_LIBRARY = "libc++";
				CLANG_ENABLE_MODULES = YES;
				CLANG_ENABLE_OBJC_ARC = YES;
				CLANG_ENABLE_OBJC_WEAK = YES;
				CLANG_WARN_BLOCK_CAPTURE_AUTORELEASING = YES;
				CLANG_WARN_BOOL_CONVERSION = YES;
				CLANG_WARN_COMMA = YES;
				CLANG_WARN_CONSTANT_CONVERSION = YES;
				CLANG_WARN_DEPRECATED_OBJC_IMPLEMENTATIONS = YES;
				CLANG_WARN_DIRECT_OBJC_ISA_USAGE = YES_ERROR;
				CLANG_WARN_DOCUMENTATION_COMMENTS = YES;
				CLANG_WARN_EMPTY_BODY = YES;
				CLANG_WARN_ENUM_CONVERSION = YES;
				CLANG_WARN_INFINITE_RECURSION = YES;
				CLANG_WARN_INT_CONVERSION = YES;
				CLANG_WARN_NON_LITERAL_NULL_CONVERSION = YES;
				CLANG_WARN_OBJC_IMPLICIT_RETAIN_SELF = YES;
				CLANG_WARN_OBJC_LITERAL_CONVERSION = YES;
				CLANG_WARN_OBJC_ROOT_CLASS = YES_ERROR;
				CLANG_WARN_RANGE_LOOP_ANALYSIS = YES;
				CLANG_WARN_STRICT_PROTOTYPES = YES;
				CLANG_WARN_SUSPICIOUS_MOVE = YES;
				CLANG_WARN_UNGUARDED_AVAILABILITY = YES_AGGRESSIVE;
				CLANG_WARN_UNREACHABLE_CODE = YES;
				CLANG_WARN__DUPLICATE_METHOD_MATCH = YES;
				CODE_SIGN_IDENTITY = "iPhone Developer";
				COPY_PHASE_STRIP = NO;
				DEBUG_INFORMATION_FORMAT = "dwarf-with-dsym";
				ENABLE_NS_ASSERTIONS = NO;
				ENABLE_STRICT_OBJC_MSGSEND = YES;
				GCC_C_LANGUAGE_STANDARD = gnu11;
				GCC_NO_COMMON_BLOCKS = YES;
				GCC_WARN_64_TO_32_BIT_CONVERSION = YES;
				GCC_WARN_ABOUT_RETURN_TYPE = YES_ERROR;
				GCC_WARN_UNDECLARED_SELECTOR = YES;
				GCC_WARN_UNINITIALIZED_AUTOS = YES_AGGRESSIVE;
				GCC_WARN_UNUSED_FUNCTION = YES;
				GCC_WARN_UNUSED_VARIABLE = YES;
				IPHONEOS_DEPLOYMENT_TARGET = 12.4;
				MTL_ENABLE_DEBUG_INFO = NO;
				MTL_FAST_MATH = YES;
				SDKROOT = iphoneos;
				VALIDATE_PRODUCT = YES;
			};
			name = Release;
		};
		BA235556237C0145009E27C5 /* Debug */ = {
			isa = XCBuildConfiguration;
			baseConfigurationReference = 2B91049E6B3F054673B3800D /* Pods-NativeReactApp.debug.xcconfig */;
			buildSettings = {
				ASSETCATALOG_COMPILER_APPICON_NAME = AppIcon;
				CODE_SIGN_STYLE = Automatic;
				DEVELOPMENT_TEAM = T4SAW3YARN;
				INFOPLIST_FILE = NativeReactApp/Info.plist;
				IPHONEOS_DEPLOYMENT_TARGET = 11.0;
				LD_RUNPATH_SEARCH_PATHS = (
					"$(inherited)",
					"@executable_path/Frameworks",
				);
				PRODUCT_BUNDLE_IDENTIFIER = com.app.NativeReactApp;
				PRODUCT_NAME = "$(TARGET_NAME)";
				TARGETED_DEVICE_FAMILY = "1,2";
			};
			name = Debug;
		};
		BA235557237C0145009E27C5 /* Release */ = {
			isa = XCBuildConfiguration;
			baseConfigurationReference = DC2C0616CCA5EA5977A4DDE0 /* Pods-NativeReactApp.release.xcconfig */;
			buildSettings = {
				ASSETCATALOG_COMPILER_APPICON_NAME = AppIcon;
				CODE_SIGN_STYLE = Automatic;
				DEVELOPMENT_TEAM = T4SAW3YARN;
				INFOPLIST_FILE = NativeReactApp/Info.plist;
				IPHONEOS_DEPLOYMENT_TARGET = 11.0;
				LD_RUNPATH_SEARCH_PATHS = (
					"$(inherited)",
					"@executable_path/Frameworks",
				);
				PRODUCT_BUNDLE_IDENTIFIER = com.app.NativeReactApp;
				PRODUCT_NAME = "$(TARGET_NAME)";
				TARGETED_DEVICE_FAMILY = "1,2";
			};
			name = Release;
		};
		BA235559237C0145009E27C5 /* Debug */ = {
			isa = XCBuildConfiguration;
			baseConfigurationReference = F6ECB125F7078E720524E86A /* Pods-NativeReactAppTests.debug.xcconfig */;
			buildSettings = {
				BUNDLE_LOADER = "$(TEST_HOST)";
				CODE_SIGN_STYLE = Automatic;
				INFOPLIST_FILE = NativeReactAppTests/Info.plist;
				LD_RUNPATH_SEARCH_PATHS = (
					"$(inherited)",
					"@executable_path/Frameworks",
					"@loader_path/Frameworks",
				);
				PRODUCT_BUNDLE_IDENTIFIER = com.app.NativeReactAppTests;
				PRODUCT_NAME = "$(TARGET_NAME)";
				TARGETED_DEVICE_FAMILY = "1,2";
				TEST_HOST = "$(BUILT_PRODUCTS_DIR)/NativeReactApp.app/NativeReactApp";
			};
			name = Debug;
		};
		BA23555A237C0145009E27C5 /* Release */ = {
			isa = XCBuildConfiguration;
			baseConfigurationReference = 3768B8FC68F9C97BF18231F3 /* Pods-NativeReactAppTests.release.xcconfig */;
			buildSettings = {
				BUNDLE_LOADER = "$(TEST_HOST)";
				CODE_SIGN_STYLE = Automatic;
				INFOPLIST_FILE = NativeReactAppTests/Info.plist;
				LD_RUNPATH_SEARCH_PATHS = (
					"$(inherited)",
					"@executable_path/Frameworks",
					"@loader_path/Frameworks",
				);
				PRODUCT_BUNDLE_IDENTIFIER = com.app.NativeReactAppTests;
				PRODUCT_NAME = "$(TARGET_NAME)";
				TARGETED_DEVICE_FAMILY = "1,2";
				TEST_HOST = "$(BUILT_PRODUCTS_DIR)/NativeReactApp.app/NativeReactApp";
			};
			name = Release;
		};
		BA23555C237C0145009E27C5 /* Debug */ = {
			isa = XCBuildConfiguration;
			baseConfigurationReference = 37B0E22A306CAC1A930E6D3E /* Pods-NativeReactAppUITests.debug.xcconfig */;
			buildSettings = {
				CODE_SIGN_STYLE = Automatic;
				INFOPLIST_FILE = NativeReactAppUITests/Info.plist;
				LD_RUNPATH_SEARCH_PATHS = (
					"$(inherited)",
					"@executable_path/Frameworks",
					"@loader_path/Frameworks",
				);
				PRODUCT_BUNDLE_IDENTIFIER = com.app.NativeReactAppUITests;
				PRODUCT_NAME = "$(TARGET_NAME)";
				TARGETED_DEVICE_FAMILY = "1,2";
				TEST_TARGET_NAME = NativeReactApp;
			};
			name = Debug;
		};
		BA23555D237C0145009E27C5 /* Release */ = {
			isa = XCBuildConfiguration;
			baseConfigurationReference = 5B5629555785F001AF3A7D12 /* Pods-NativeReactAppUITests.release.xcconfig */;
			buildSettings = {
				CODE_SIGN_STYLE = Automatic;
				INFOPLIST_FILE = NativeReactAppUITests/Info.plist;
				LD_RUNPATH_SEARCH_PATHS = (
					"$(inherited)",
					"@executable_path/Frameworks",
					"@loader_path/Frameworks",
				);
				PRODUCT_BUNDLE_IDENTIFIER = com.app.NativeReactAppUITests;
				PRODUCT_NAME = "$(TARGET_NAME)";
				TARGETED_DEVICE_FAMILY = "1,2";
				TEST_TARGET_NAME = NativeReactApp;
			};
			name = Release;
		};
/* End XCBuildConfiguration section */

/* Begin XCConfigurationList section */
		BA235524237C0143009E27C5 /* Build configuration list for PBXProject "NativeReactApp" */ = {
			isa = XCConfigurationList;
			buildConfigurations = (
				BA235553237C0145009E27C5 /* Debug */,
				BA235554237C0145009E27C5 /* Release */,
			);
			defaultConfigurationIsVisible = 0;
			defaultConfigurationName = Release;
		};
		BA235555237C0145009E27C5 /* Build configuration list for PBXNativeTarget "NativeReactApp" */ = {
			isa = XCConfigurationList;
			buildConfigurations = (
				BA235556237C0145009E27C5 /* Debug */,
				BA235557237C0145009E27C5 /* Release */,
			);
			defaultConfigurationIsVisible = 0;
			defaultConfigurationName = Release;
		};
		BA235558237C0145009E27C5 /* Build configuration list for PBXNativeTarget "NativeReactAppTests" */ = {
			isa = XCConfigurationList;
			buildConfigurations = (
				BA235559237C0145009E27C5 /* Debug */,
				BA23555A237C0145009E27C5 /* Release */,
			);
			defaultConfigurationIsVisible = 0;
			defaultConfigurationName = Release;
		};
		BA23555B237C0145009E27C5 /* Build configuration list for PBXNativeTarget "NativeReactAppUITests" */ = {
			isa = XCConfigurationList;
			buildConfigurations = (
				BA23555C237C0145009E27C5 /* Debug */,
				BA23555D237C0145009E27C5 /* Release */,
			);
			defaultConfigurationIsVisible = 0;
			defaultConfigurationName = Release;
		};
/* End XCConfigurationList section */
	};
	rootObject = BA235521237C0143009E27C5 /* Project object */;
}
